
Microsoft Visual Studio Solution File, Format Version 12.00
# Visual Studio Version 17
VisualStudioVersion = 17.5.33530.505
MinimumVisualStudioVersion = 10.0.40219.1
Project("{FAE04EC0-301F-11D3-BF4B-00C04F79EFBC}") = "NKatmanliMimari", "NKatmanliMimari\NKatmanliMimari.csproj", "{AB85C845-62F6-4192-ADDA-B5089D33D823}"
EndProject
Global
	GlobalSection(SolutionConfigurationPlatforms) = preSolution
		Debug|Any CPU = Debug|Any CPU
		Release|Any CPU = Release|Any CPU
	EndGlobalSection
	GlobalSection(ProjectConfigurationPlatforms) = postSolution
		{AB85C845-62F6-4192-ADDA-B5089D33D823}.Debug|Any CPU.ActiveCfg = Debug|Any CPU
		{AB85C845-62F6-4192-ADDA-B5089D33D823}.Debug|Any CPU.Build.0 = Debug|Any CPU
		{AB85C845-62F6-4192-ADDA-B5089D33D823}.Release|Any CPU.ActiveCfg = Release|Any CPU
		{AB85C845-62F6-4192-ADDA-B5089D33D823}.Release|Any CPU.Build.0 = Release|Any CPU
	EndGlobalSection
	GlobalSection(SolutionProperties) = preSolution
		HideSolutionNode = FALSE
	EndGlobalSection
	GlobalSection(ExtensibilityGlobals) = postSolution
		SolutionGuid = {47458356-2354-4987-89DD-4EBF7A91F2B3}
	EndGlobalSection
EndGlobal
